PODS:
  - CocoaLumberjack (2.2.0):
    - CocoaLumberjack/Default (= 2.2.0)
    - CocoaLumberjack/Extensions (= 2.2.0)
  - CocoaLumberjack/Core (2.2.0)
  - CocoaLumberjack/Default (2.2.0):
    - CocoaLumberjack/Core
  - CocoaLumberjack/Extensions (2.2.0):
    - CocoaLumberjack/Default
  - ReactTV/Core (1000.0.0)
  - ReactTV/RCTImage (1000.0.0):
    - ReactTV/Core
    - ReactTV/RCTNetwork
  - ReactTV/RCTLinkingIOS (1000.0.0):
    - ReactTV/Core
  - ReactTV/RCTNetwork (1000.0.0):
    - ReactTV/Core
  - ReactTV/RCTText (1000.0.0):
    - ReactTV/Core
  - ReactTV/RCTWebSocket (1000.0.0):
    - ReactTV/Core
  - SalesforceNetworkTV (4.1.2):
    - SalesforceNetworkTV/SalesforceNetwork (= 4.1.2)
  - SalesforceNetworkTV/SalesforceNetwork (4.1.2):
    - SalesforceSDKCoreTV
  - SalesforceReactTV (4.1.2):
    - SalesforceReactTV/SalesforceReact (= 4.1.2)
  - SalesforceReactTV/SalesforceReact (4.1.2):
    - SmartSyncTV
  - SalesforceRestAPITV (4.1.2):
    - SalesforceRestAPITV/SalesforceRestAPI (= 4.1.2)
  - SalesforceRestAPITV/SalesforceRestAPI (4.1.2):
    - SalesforceNetworkTV
    - SalesforceSDKCoreTV
  - SalesforceSDKCoreTV (4.1.2):
    - SalesforceSDKCoreTV/SalesforceSDKCore (= 4.1.2)
  - SalesforceSDKCoreTV/SalesforceSDKCore (4.1.2):
    - CocoaLumberjack (~> 2.2.0)
    - SalesforceSDKCoreTV/SalesforceSDKCore/arc (= 4.1.2)
    - SalesforceSDKCoreTV/SalesforceSDKCore/base (= 4.1.2)
    - SalesforceSDKCoreTV/SalesforceSDKCore/no-arc (= 4.1.2)
  - SalesforceSDKCoreTV/SalesforceSDKCore/arc (4.1.2):
    - CocoaLumberjack (~> 2.2.0)
    - SalesforceSDKCoreTV/SalesforceSDKCore/base
    - SalesforceSDKCoreTV/SalesforceSDKCore/no-arc
  - SalesforceSDKCoreTV/SalesforceSDKCore/base (4.1.2):
    - CocoaLumberjack (~> 2.2.0)
  - SalesforceSDKCoreTV/SalesforceSDKCore/no-arc (4.1.2):
    - CocoaLumberjack (~> 2.2.0)
    - SalesforceSDKCoreTV/SalesforceSDKCore/base
  - SmartStoreTV (4.1.2):
    - SmartStoreTV/SmartStore (= 4.1.2)
  - SmartStoreTV/SmartStore (4.1.2):
    - SalesforceSDKCoreTV
    - SQLCipher/fts (~> 3.3.1)
  - SmartSyncTV (4.1.2):
    - SmartSyncTV/SmartSync (= 4.1.2)
  - SmartSyncTV/SmartSync (4.1.2):
    - SalesforceRestAPITV
    - SalesforceSDKCoreTV
    - SmartStoreTV
  - SQLCipher/common (3.3.1)
  - SQLCipher/fts (3.3.1):
    - SQLCipher/common

DEPENDENCIES:
  - ReactTV/Core (from `./node_modules/react-native`)
  - ReactTV/RCTImage (from `./node_modules/react-native`)
  - ReactTV/RCTLinkingIOS (from `./node_modules/react-native`)
  - ReactTV/RCTNetwork (from `./node_modules/react-native`)
  - ReactTV/RCTText (from `./node_modules/react-native`)
  - ReactTV/RCTWebSocket (from `./node_modules/react-native`)
  - SalesforceNetworkTV
  - SalesforceReactTV
  - SalesforceRestAPITV
  - SalesforceSDKCoreTV
  - SmartStoreTV
  - SmartSyncTV

EXTERNAL SOURCES:
  ReactTV:
    :path: ./node_modules/react-native

SPEC CHECKSUMS:
  CocoaLumberjack: 17fe8581f84914d5d7e6360f7c70022b173c3ae0
  ReactTV: 4a7c8375c4a25547332aea042e9ff440372adce2
  SalesforceNetworkTV: 2d7ed6572c24dcb81843e1a0871724e5f836348b
  SalesforceReactTV: ffdf33bd1e15f272cd996593e3580897c76895ce
  SalesforceRestAPITV: f02cbf053cf9238ec8ec0304003461150c6d5a22
  SalesforceSDKCoreTV: db3d27ed2f52be01d9613d1b6060fb8b01780797
  SmartStoreTV: 1c5572fd4099987e597d28df25e77c2d1f1da243
  SmartSyncTV: 8afd24fa96ee571b48d1bd50a840da93973675b7
  SQLCipher: d490d2effe735895d2204d25a154b1e722278421

PODFILE CHECKSUM: 69cbb6f6e8ec10f0924a9f9bbc449efce5008248

COCOAPODS: 1.0.1
